
Microsoft Visual Studio Solution File, Format Version 12.00
# Visual Studio Version 17
VisualStudioVersion = 17.10.35004.147
MinimumVisualStudioVersion = 10.0.40219.1
Project("{8BC9CEB8-8B4A-11D0-8D11-00A0C91BC942}") = "Buoi1", "Buoi1\Buoi1.vcxproj", "{3710E518-9199-482B-9D1D-02B0128E4C07}"
EndProject
Project("{8BC9CEB8-8B4A-11D0-8D11-00A0C91BC942}") = "buoi2", "buoi2\buoi2.vcxproj", "{E2446270-658D-40E8-B0E1-3A38C97B1BE3}"
EndProject
Project("{8BC9CEB8-8B4A-11D0-8D11-00A0C91BC942}") = "buoi5", "buoi5]\buoi5].vcxproj", "{0E6263C4-D855-496B-8555-4C862E3E10F7}"
EndProject
Project("{8BC9CEB8-8B4A-11D0-8D11-00A0C91BC942}") = "buoi7", "buoi7\buoi7.vcxproj", "{FD99FE04-7B87-4FEA-8888-C03FE212404C}"
EndProject
Project("{8BC9CEB8-8B4A-11D0-8D11-00A0C91BC942}") = "buoi8", "buoi8\buoi8.vcxproj", "{E6194611-4BBC-4ADB-8181-5BD01EB5180D}"
EndProject
Project("{8BC9CEB8-8B4A-11D0-8D11-00A0C91BC942}") = "ktra", "ktra\ktra.vcxproj", "{46DB813F-1D28-4C4A-87DC-BC495DDB12F9}"
EndProject
Project("{8BC9CEB8-8B4A-11D0-8D11-00A0C91BC942}") = "ConsoleApplication1", "ConsoleApplication1\ConsoleApplication1.vcxproj", "{0AAB6207-5067-4076-8210-2E98E8BCBE6B}"
EndProject
Global
	GlobalSection(SolutionConfigurationPlatforms) = preSolution
		Debug|x64 = Debug|x64
		Debug|x86 = Debug|x86
		Release|x64 = Release|x64
		Release|x86 = Release|x86
	EndGlobalSection
	GlobalSection(ProjectConfigurationPlatforms) = postSolution
		{3710E518-9199-482B-9D1D-02B0128E4C07}.Debug|x64.ActiveCfg = Debug|x64
		{3710E518-9199-482B-9D1D-02B0128E4C07}.Debug|x64.Build.0 = Debug|x64
		{3710E518-9199-482B-9D1D-02B0128E4C07}.Debug|x86.ActiveCfg = Debug|Win32
		{3710E518-9199-482B-9D1D-02B0128E4C07}.Debug|x86.Build.0 = Debug|Win32
		{3710E518-9199-482B-9D1D-02B0128E4C07}.Release|x64.ActiveCfg = Release|x64
		{3710E518-9199-482B-9D1D-02B0128E4C07}.Release|x64.Build.0 = Release|x64
		{3710E518-9199-482B-9D1D-02B0128E4C07}.Release|x86.ActiveCfg = Release|Win32
		{3710E518-9199-482B-9D1D-02B0128E4C07}.Release|x86.Build.0 = Release|Win32
		{E2446270-658D-40E8-B0E1-3A38C97B1BE3}.Debug|x64.ActiveCfg = Debug|x64
		{E2446270-658D-40E8-B0E1-3A38C97B1BE3}.Debug|x64.Build.0 = Debug|x64
		{E2446270-658D-40E8-B0E1-3A38C97B1BE3}.Debug|x86.ActiveCfg = Debug|Win32
		{E2446270-658D-40E8-B0E1-3A38C97B1BE3}.Debug|x86.Build.0 = Debug|Win32
		{E2446270-658D-40E8-B0E1-3A38C97B1BE3}.Release|x64.ActiveCfg = Release|x64
		{E2446270-658D-40E8-B0E1-3A38C97B1BE3}.Release|x64.Build.0 = Release|x64
		{E2446270-658D-40E8-B0E1-3A38C97B1BE3}.Release|x86.ActiveCfg = Release|Win32
		{E2446270-658D-40E8-B0E1-3A38C97B1BE3}.Release|x86.Build.0 = Release|Win32
		{0E6263C4-D855-496B-8555-4C862E3E10F7}.Debug|x64.ActiveCfg = Debug|x64
		{0E6263C4-D855-496B-8555-4C862E3E10F7}.Debug|x64.Build.0 = Debug|x64
		{0E6263C4-D855-496B-8555-4C862E3E10F7}.Debug|x86.ActiveCfg = Debug|Win32
		{0E6263C4-D855-496B-8555-4C862E3E10F7}.Debug|x86.Build.0 = Debug|Win32
		{0E6263C4-D855-496B-8555-4C862E3E10F7}.Release|x64.ActiveCfg = Release|x64
		{0E6263C4-D855-496B-8555-4C862E3E10F7}.Release|x64.Build.0 = Release|x64
		{0E6263C4-D855-496B-8555-4C862E3E10F7}.Release|x86.ActiveCfg = Release|Win32
		{0E6263C4-D855-496B-8555-4C862E3E10F7}.Release|x86.Build.0 = Release|Win32
		{FD99FE04-7B87-4FEA-8888-C03FE212404C}.Debug|x64.ActiveCfg = Debug|x64
		{FD99FE04-7B87-4FEA-8888-C03FE212404C}.Debug|x64.Build.0 = Debug|x64
		{FD99FE04-7B87-4FEA-8888-C03FE212404C}.Debug|x86.ActiveCfg = Debug|Win32
		{FD99FE04-7B87-4FEA-8888-C03FE212404C}.Debug|x86.Build.0 = Debug|Win32
		{FD99FE04-7B87-4FEA-8888-C03FE212404C}.Release|x64.ActiveCfg = Release|x64
		{FD99FE04-7B87-4FEA-8888-C03FE212404C}.Release|x64.Build.0 = Release|x64
		{FD99FE04-7B87-4FEA-8888-C03FE212404C}.Release|x86.ActiveCfg = Release|Win32
		{FD99FE04-7B87-4FEA-8888-C03FE212404C}.Release|x86.Build.0 = Release|Win32
		{E6194611-4BBC-4ADB-8181-5BD01EB5180D}.Debug|x64.ActiveCfg = Debug|x64
		{E6194611-4BBC-4ADB-8181-5BD01EB5180D}.Debug|x64.Build.0 = Debug|x64
		{E6194611-4BBC-4ADB-8181-5BD01EB5180D}.Debug|x86.ActiveCfg = Debug|Win32
		{E6194611-4BBC-4ADB-8181-5BD01EB5180D}.Debug|x86.Build.0 = Debug|Win32
		{E6194611-4BBC-4ADB-8181-5BD01EB5180D}.Release|x64.ActiveCfg = Release|x64
		{E6194611-4BBC-4ADB-8181-5BD01EB5180D}.Release|x64.Build.0 = Release|x64
		{E6194611-4BBC-4ADB-8181-5BD01EB5180D}.Release|x86.ActiveCfg = Release|Win32
		{E6194611-4BBC-4ADB-8181-5BD01EB5180D}.Release|x86.Build.0 = Release|Win32
		{46DB813F-1D28-4C4A-87DC-BC495DDB12F9}.Debug|x64.ActiveCfg = Debug|x64
		{46DB813F-1D28-4C4A-87DC-BC495DDB12F9}.Debug|x64.Build.0 = Debug|x64
		{46DB813F-1D28-4C4A-87DC-BC495DDB12F9}.Debug|x86.ActiveCfg = Debug|Win32
		{46DB813F-1D28-4C4A-87DC-BC495DDB12F9}.Debug|x86.Build.0 = Debug|Win32
		{46DB813F-1D28-4C4A-87DC-BC495DDB12F9}.Release|x64.ActiveCfg = Release|x64
		{46DB813F-1D28-4C4A-87DC-BC495DDB12F9}.Release|x64.Build.0 = Release|x64
		{46DB813F-1D28-4C4A-87DC-BC495DDB12F9}.Release|x86.ActiveCfg = Release|Win32
		{46DB813F-1D28-4C4A-87DC-BC495DDB12F9}.Release|x86.Build.0 = Release|Win32
		{0AAB6207-5067-4076-8210-2E98E8BCBE6B}.Debug|x64.ActiveCfg = Debug|x64
		{0AAB6207-5067-4076-8210-2E98E8BCBE6B}.Debug|x64.Build.0 = Debug|x64
		{0AAB6207-5067-4076-8210-2E98E8BCBE6B}.Debug|x86.ActiveCfg = Debug|Win32
		{0AAB6207-5067-4076-8210-2E98E8BCBE6B}.Debug|x86.Build.0 = Debug|Win32
		{0AAB6207-5067-4076-8210-2E98E8BCBE6B}.Release|x64.ActiveCfg = Release|x64
		{0AAB6207-5067-4076-8210-2E98E8BCBE6B}.Release|x64.Build.0 = Release|x64
		{0AAB6207-5067-4076-8210-2E98E8BCBE6B}.Release|x86.ActiveCfg = Release|Win32
		{0AAB6207-5067-4076-8210-2E98E8BCBE6B}.Release|x86.Build.0 = Release|Win32
	EndGlobalSection
	GlobalSection(SolutionProperties) = preSolution
		HideSolutionNode = FALSE
	EndGlobalSection
	GlobalSection(ExtensibilityGlobals) = postSolution
		SolutionGuid = {F1A00586-D559-4A36-9042-4D0877BFA669}
	EndGlobalSection
EndGlobal
